
Microsoft Visual Studio Solution File, Format Version 12.00
# Visual Studio Version 16
VisualStudioVersion = 16.0.30128.74
MinimumVisualStudioVersion = 10.0.40219.1
Project("{FAE04EC0-301F-11D3-BF4B-00C04F79EFBC}") = "RazorPageMovies", "RazorPageMovies.csproj", "{00A0267F-4EDA-479E-9591-8837DAEF8B5F}"
EndProject
Global
	GlobalSection(SolutionConfigurationPlatforms) = preSolution
		Debug|Any CPU = Debug|Any CPU
		Release|Any CPU = Release|Any CPU
	EndGlobalSection
	GlobalSection(ProjectConfigurationPlatforms) = postSolution
		{00A0267F-4EDA-479E-9591-8837DAEF8B5F}.Debug|Any CPU.ActiveCfg = Debug|Any CPU
		{00A0267F-4EDA-479E-9591-8837DAEF8B5F}.Debug|Any CPU.Build.0 = Debug|Any CPU
		{00A0267F-4EDA-479E-9591-8837DAEF8B5F}.Release|Any CPU.ActiveCfg = Release|Any CPU
		{00A0267F-4EDA-479E-9591-8837DAEF8B5F}.Release|Any CPU.Build.0 = Release|Any CPU
	EndGlobalSection
	GlobalSection(SolutionProperties) = preSolution
		HideSolutionNode = FALSE
	EndGlobalSection
	GlobalSection(ExtensibilityGlobals) = postSolution
		SolutionGuid = {A456FC88-59B2-484A-90FB-3BF68EEDDEA5}
	EndGlobalSection
EndGlobal
